
Microsoft Visual Studio Solution File, Format Version 12.00
# Visual Studio Version 17
VisualStudioVersion = 17.0.31903.59
MinimumVisualStudioVersion = 10.0.40219.1
Project("{2150E333-8FDC-42A3-9474-1A3956D46DE8}") = "src", "src", "{827E0CD3-B72D-47B6-A68D-7590B98EB39B}"
EndProject
Project("{FAE04EC0-301F-11D3-BF4B-00C04F79EFBC}") = "CloudFlow.Core", "src\CloudFlow.Core\CloudFlow.Core.csproj", "{7A30A61E-97FA-447A-AFE1-398589773E53}"
EndProject
Project("{FAE04EC0-301F-11D3-BF4B-00C04F79EFBC}") = "CloudFlow.Data", "src\CloudFlow.Data\CloudFlow.Data.csproj", "{FF987BB1-F3CA-4DAA-8B2A-2753C89CACFC}"
EndProject
Project("{FAE04EC0-301F-11D3-BF4B-00C04F79EFBC}") = "CloudFlow.Operations", "src\CloudFlow.Operations\CloudFlow.Operations.csproj", "{89390987-DCE5-44E5-9C43-2DEAD9544D23}"
EndProject
Project("{FAE04EC0-301F-11D3-BF4B-00C04F79EFBC}") = "CloudFlow.Azure", "src\CloudFlow.Azure\CloudFlow.Azure.csproj", "{5A1BA9CC-D38A-4A98-9E52-FA7600F07D91}"
EndProject
Project("{2150E333-8FDC-42A3-9474-1A3956D46DE8}") = "Modules", "Modules", "{EC447DCF-ABFA-6E24-52A5-D7FD48A5C558}"
EndProject
Project("{FAE04EC0-301F-11D3-BF4B-00C04F79EFBC}") = "CloudFlow.Modules.Compute", "src\Modules\CloudFlow.Modules.Compute\CloudFlow.Modules.Compute.csproj", "{9703FB0E-EE4D-43D7-80E5-E98E88B05E95}"
EndProject
Project("{FAE04EC0-301F-11D3-BF4B-00C04F79EFBC}") = "CloudFlow.Modules.Network", "src\Modules\CloudFlow.Modules.Network\CloudFlow.Modules.Network.csproj", "{A10E754B-5E5D-48CB-A247-8033DCC4F93D}"
EndProject
Project("{FAE04EC0-301F-11D3-BF4B-00C04F79EFBC}") = "CloudFlow.App", "src\CloudFlow.App\CloudFlow.App.csproj", "{B25426C9-C5FA-46B0-B71D-80D466D2F1A5}"
EndProject
Project("{2150E333-8FDC-42A3-9474-1A3956D46DE8}") = "tests", "tests", "{0AB3BF05-4346-4AA6-1389-037BE0695223}"
EndProject
Project("{FAE04EC0-301F-11D3-BF4B-00C04F79EFBC}") = "CloudFlow.Core.Tests", "tests\CloudFlow.Core.Tests\CloudFlow.Core.Tests.csproj", "{11B66EA4-F4A1-483D-93C5-E369666C842C}"
EndProject
Project("{FAE04EC0-301F-11D3-BF4B-00C04F79EFBC}") = "CloudFlow.Operation.Tests", "tests\CloudFlow.Operation.Tests\CloudFlow.Operation.Tests.csproj", "{8958413D-F8FC-471A-AD83-2EA5C933342B}"
EndProject
Project("{FAE04EC0-301F-11D3-BF4B-00C04F79EFBC}") = "CloudFlow.Azure.IntegrationTests", "tests\CloudFlow.Azure.IntegrationTests\CloudFlow.Azure.IntegrationTests.csproj", "{C831CFA4-8B50-4738-8371-1E657E54F99B}"
EndProject
Project("{2150E333-8FDC-42A3-9474-1A3956D46DE8}") = "tools", "tools", "{07C2787E-EAC7-C090-1BA3-A61EC2A24D84}"
EndProject
Project("{FAE04EC0-301F-11D3-BF4B-00C04F79EFBC}") = "CloudFlow.Spike", "tools\CloudFlow.Spike\CloudFlow.Spike.csproj", "{9E9DE6AD-9733-486A-951F-6D35B9CFA9EC}"
EndProject
Global
	GlobalSection(SolutionConfigurationPlatforms) = preSolution
		Debug|Any CPU = Debug|Any CPU
		Debug|x64 = Debug|x64
		Debug|x86 = Debug|x86
		Release|Any CPU = Release|Any CPU
		Release|x64 = Release|x64
		Release|x86 = Release|x86
	EndGlobalSection
	GlobalSection(ProjectConfigurationPlatforms) = postSolution
		{7A30A61E-97FA-447A-AFE1-398589773E53}.Debug|Any CPU.ActiveCfg = Debug|Any CPU
		{7A30A61E-97FA-447A-AFE1-398589773E53}.Debug|Any CPU.Build.0 = Debug|Any CPU
		{7A30A61E-97FA-447A-AFE1-398589773E53}.Debug|x64.ActiveCfg = Debug|Any CPU
		{7A30A61E-97FA-447A-AFE1-398589773E53}.Debug|x64.Build.0 = Debug|Any CPU
		{7A30A61E-97FA-447A-AFE1-398589773E53}.Debug|x86.ActiveCfg = Debug|Any CPU
		{7A30A61E-97FA-447A-AFE1-398589773E53}.Debug|x86.Build.0 = Debug|Any CPU
		{7A30A61E-97FA-447A-AFE1-398589773E53}.Release|Any CPU.ActiveCfg = Release|Any CPU
		{7A30A61E-97FA-447A-AFE1-398589773E53}.Release|Any CPU.Build.0 = Release|Any CPU
		{7A30A61E-97FA-447A-AFE1-398589773E53}.Release|x64.ActiveCfg = Release|Any CPU
		{7A30A61E-97FA-447A-AFE1-398589773E53}.Release|x64.Build.0 = Release|Any CPU
		{7A30A61E-97FA-447A-AFE1-398589773E53}.Release|x86.ActiveCfg = Release|Any CPU
		{7A30A61E-97FA-447A-AFE1-398589773E53}.Release|x86.Build.0 = Release|Any CPU
		{FF987BB1-F3CA-4DAA-8B2A-2753C89CACFC}.Debug|Any CPU.ActiveCfg = Debug|Any CPU
		{FF987BB1-F3CA-4DAA-8B2A-2753C89CACFC}.Debug|Any CPU.Build.0 = Debug|Any CPU
		{FF987BB1-F3CA-4DAA-8B2A-2753C89CACFC}.Debug|x64.ActiveCfg = Debug|Any CPU
		{FF987BB1-F3CA-4DAA-8B2A-2753C89CACFC}.Debug|x64.Build.0 = Debug|Any CPU
		{FF987BB1-F3CA-4DAA-8B2A-2753C89CACFC}.Debug|x86.ActiveCfg = Debug|Any CPU
		{FF987BB1-F3CA-4DAA-8B2A-2753C89CACFC}.Debug|x86.Build.0 = Debug|Any CPU
		{FF987BB1-F3CA-4DAA-8B2A-2753C89CACFC}.Release|Any CPU.ActiveCfg = Release|Any CPU
		{FF987BB1-F3CA-4DAA-8B2A-2753C89CACFC}.Release|Any CPU.Build.0 = Release|Any CPU
		{FF987BB1-F3CA-4DAA-8B2A-2753C89CACFC}.Release|x64.ActiveCfg = Release|Any CPU
		{FF987BB1-F3CA-4DAA-8B2A-2753C89CACFC}.Release|x64.Build.0 = Release|Any CPU
		{FF987BB1-F3CA-4DAA-8B2A-2753C89CACFC}.Release|x86.ActiveCfg = Release|Any CPU
		{FF987BB1-F3CA-4DAA-8B2A-2753C89CACFC}.Release|x86.Build.0 = Release|Any CPU
		{89390987-DCE5-44E5-9C43-2DEAD9544D23}.Debug|Any CPU.ActiveCfg = Debug|Any CPU
		{89390987-DCE5-44E5-9C43-2DEAD9544D23}.Debug|Any CPU.Build.0 = Debug|Any CPU
		{89390987-DCE5-44E5-9C43-2DEAD9544D23}.Debug|x64.ActiveCfg = Debug|Any CPU
		{89390987-DCE5-44E5-9C43-2DEAD9544D23}.Debug|x64.Build.0 = Debug|Any CPU
		{89390987-DCE5-44E5-9C43-2DEAD9544D23}.Debug|x86.ActiveCfg = Debug|Any CPU
		{89390987-DCE5-44E5-9C43-2DEAD9544D23}.Debug|x86.Build.0 = Debug|Any CPU
		{89390987-DCE5-44E5-9C43-2DEAD9544D23}.Release|Any CPU.ActiveCfg = Release|Any CPU
		{89390987-DCE5-44E5-9C43-2DEAD9544D23}.Release|Any CPU.Build.0 = Release|Any CPU
		{89390987-DCE5-44E5-9C43-2DEAD9544D23}.Release|x64.ActiveCfg = Release|Any CPU
		{89390987-DCE5-44E5-9C43-2DEAD9544D23}.Release|x64.Build.0 = Release|Any CPU
		{89390987-DCE5-44E5-9C43-2DEAD9544D23}.Release|x86.ActiveCfg = Release|Any CPU
		{89390987-DCE5-44E5-9C43-2DEAD9544D23}.Release|x86.Build.0 = Release|Any CPU
		{5A1BA9CC-D38A-4A98-9E52-FA7600F07D91}.Debug|Any CPU.ActiveCfg = Debug|Any CPU
		{5A1BA9CC-D38A-4A98-9E52-FA7600F07D91}.Debug|Any CPU.Build.0 = Debug|Any CPU
		{5A1BA9CC-D38A-4A98-9E52-FA7600F07D91}.Debug|x64.ActiveCfg = Debug|Any CPU
		{5A1BA9CC-D38A-4A98-9E52-FA7600F07D91}.Debug|x64.Build.0 = Debug|Any CPU
		{5A1BA9CC-D38A-4A98-9E52-FA7600F07D91}.Debug|x86.ActiveCfg = Debug|Any CPU
		{5A1BA9CC-D38A-4A98-9E52-FA7600F07D91}.Debug|x86.Build.0 = Debug|Any CPU
		{5A1BA9CC-D38A-4A98-9E52-FA7600F07D91}.Release|Any CPU.ActiveCfg = Release|Any CPU
		{5A1BA9CC-D38A-4A98-9E52-FA7600F07D91}.Release|Any CPU.Build.0 = Release|Any CPU
		{5A1BA9CC-D38A-4A98-9E52-FA7600F07D91}.Release|x64.ActiveCfg = Release|Any CPU
		{5A1BA9CC-D38A-4A98-9E52-FA7600F07D91}.Release|x64.Build.0 = Release|Any CPU
		{5A1BA9CC-D38A-4A98-9E52-FA7600F07D91}.Release|x86.ActiveCfg = Release|Any CPU
		{5A1BA9CC-D38A-4A98-9E52-FA7600F07D91}.Release|x86.Build.0 = Release|Any CPU
		{9703FB0E-EE4D-43D7-80E5-E98E88B05E95}.Debug|Any CPU.ActiveCfg = Debug|Any CPU
		{9703FB0E-EE4D-43D7-80E5-E98E88B05E95}.Debug|Any CPU.Build.0 = Debug|Any CPU
		{9703FB0E-EE4D-43D7-80E5-E98E88B05E95}.Debug|x64.ActiveCfg = Debug|Any CPU
		{9703FB0E-EE4D-43D7-80E5-E98E88B05E95}.Debug|x64.Build.0 = Debug|Any CPU
		{9703FB0E-EE4D-43D7-80E5-E98E88B05E95}.Debug|x86.ActiveCfg = Debug|Any CPU
		{9703FB0E-EE4D-43D7-80E5-E98E88B05E95}.Debug|x86.Build.0 = Debug|Any CPU
		{9703FB0E-EE4D-43D7-80E5-E98E88B05E95}.Release|Any CPU.ActiveCfg = Release|Any CPU
		{9703FB0E-EE4D-43D7-80E5-E98E88B05E95}.Release|Any CPU.Build.0 = Release|Any CPU
		{9703FB0E-EE4D-43D7-80E5-E98E88B05E95}.Release|x64.ActiveCfg = Release|Any CPU
		{9703FB0E-EE4D-43D7-80E5-E98E88B05E95}.Release|x64.Build.0 = Release|Any CPU
		{9703FB0E-EE4D-43D7-80E5-E98E88B05E95}.Release|x86.ActiveCfg = Release|Any CPU
		{9703FB0E-EE4D-43D7-80E5-E98E88B05E95}.Release|x86.Build.0 = Release|Any CPU
		{A10E754B-5E5D-48CB-A247-8033DCC4F93D}.Debug|Any CPU.ActiveCfg = Debug|Any CPU
		{A10E754B-5E5D-48CB-A247-8033DCC4F93D}.Debug|Any CPU.Build.0 = Debug|Any CPU
		{A10E754B-5E5D-48CB-A247-8033DCC4F93D}.Debug|x64.ActiveCfg = Debug|Any CPU
		{A10E754B-5E5D-48CB-A247-8033DCC4F93D}.Debug|x64.Build.0 = Debug|Any CPU
		{A10E754B-5E5D-48CB-A247-8033DCC4F93D}.Debug|x86.ActiveCfg = Debug|Any CPU
		{A10E754B-5E5D-48CB-A247-8033DCC4F93D}.Debug|x86.Build.0 = Debug|Any CPU
		{A10E754B-5E5D-48CB-A247-8033DCC4F93D}.Release|Any CPU.ActiveCfg = Release|Any CPU
		{A10E754B-5E5D-48CB-A247-8033DCC4F93D}.Release|Any CPU.Build.0 = Release|Any CPU
		{A10E754B-5E5D-48CB-A247-8033DCC4F93D}.Release|x64.ActiveCfg = Release|Any CPU
		{A10E754B-5E5D-48CB-A247-8033DCC4F93D}.Release|x64.Build.0 = Release|Any CPU
		{A10E754B-5E5D-48CB-A247-8033DCC4F93D}.Release|x86.ActiveCfg = Release|Any CPU
		{A10E754B-5E5D-48CB-A247-8033DCC4F93D}.Release|x86.Build.0 = Release|Any CPU
		{B25426C9-C5FA-46B0-B71D-80D466D2F1A5}.Debug|Any CPU.ActiveCfg = Debug|Any CPU
		{B25426C9-C5FA-46B0-B71D-80D466D2F1A5}.Debug|Any CPU.Build.0 = Debug|Any CPU
		{B25426C9-C5FA-46B0-B71D-80D466D2F1A5}.Debug|x64.ActiveCfg = Debug|Any CPU
		{B25426C9-C5FA-46B0-B71D-80D466D2F1A5}.Debug|x64.Build.0 = Debug|Any CPU
		{B25426C9-C5FA-46B0-B71D-80D466D2F1A5}.Debug|x86.ActiveCfg = Debug|Any CPU
		{B25426C9-C5FA-46B0-B71D-80D466D2F1A5}.Debug|x86.Build.0 = Debug|Any CPU
		{B25426C9-C5FA-46B0-B71D-80D466D2F1A5}.Release|Any CPU.ActiveCfg = Release|Any CPU
		{B25426C9-C5FA-46B0-B71D-80D466D2F1A5}.Release|Any CPU.Build.0 = Release|Any CPU
		{B25426C9-C5FA-46B0-B71D-80D466D2F1A5}.Release|x64.ActiveCfg = Release|Any CPU
		{B25426C9-C5FA-46B0-B71D-80D466D2F1A5}.Release|x64.Build.0 = Release|Any CPU
		{B25426C9-C5FA-46B0-B71D-80D466D2F1A5}.Release|x86.ActiveCfg = Release|Any CPU
		{B25426C9-C5FA-46B0-B71D-80D466D2F1A5}.Release|x86.Build.0 = Release|Any CPU
		{11B66EA4-F4A1-483D-93C5-E369666C842C}.Debug|Any CPU.ActiveCfg = Debug|Any CPU
		{11B66EA4-F4A1-483D-93C5-E369666C842C}.Debug|Any CPU.Build.0 = Debug|Any CPU
		{11B66EA4-F4A1-483D-93C5-E369666C842C}.Debug|x64.ActiveCfg = Debug|Any CPU
		{11B66EA4-F4A1-483D-93C5-E369666C842C}.Debug|x64.Build.0 = Debug|Any CPU
		{11B66EA4-F4A1-483D-93C5-E369666C842C}.Debug|x86.ActiveCfg = Debug|Any CPU
		{11B66EA4-F4A1-483D-93C5-E369666C842C}.Debug|x86.Build.0 = Debug|Any CPU
		{11B66EA4-F4A1-483D-93C5-E369666C842C}.Release|Any CPU.ActiveCfg = Release|Any CPU
		{11B66EA4-F4A1-483D-93C5-E369666C842C}.Release|Any CPU.Build.0 = Release|Any CPU
		{11B66EA4-F4A1-483D-93C5-E369666C842C}.Release|x64.ActiveCfg = Release|Any CPU
		{11B66EA4-F4A1-483D-93C5-E369666C842C}.Release|x64.Build.0 = Release|Any CPU
		{11B66EA4-F4A1-483D-93C5-E369666C842C}.Release|x86.ActiveCfg = Release|Any CPU
		{11B66EA4-F4A1-483D-93C5-E369666C842C}.Release|x86.Build.0 = Release|Any CPU
		{8958413D-F8FC-471A-AD83-2EA5C933342B}.Debug|Any CPU.ActiveCfg = Debug|Any CPU
		{8958413D-F8FC-471A-AD83-2EA5C933342B}.Debug|Any CPU.Build.0 = Debug|Any CPU
		{8958413D-F8FC-471A-AD83-2EA5C933342B}.Debug|x64.ActiveCfg = Debug|Any CPU
		{8958413D-F8FC-471A-AD83-2EA5C933342B}.Debug|x64.Build.0 = Debug|Any CPU
		{8958413D-F8FC-471A-AD83-2EA5C933342B}.Debug|x86.ActiveCfg = Debug|Any CPU
		{8958413D-F8FC-471A-AD83-2EA5C933342B}.Debug|x86.Build.0 = Debug|Any CPU
		{8958413D-F8FC-471A-AD83-2EA5C933342B}.Release|Any CPU.ActiveCfg = Release|Any CPU
		{8958413D-F8FC-471A-AD83-2EA5C933342B}.Release|Any CPU.Build.0 = Release|Any CPU
		{8958413D-F8FC-471A-AD83-2EA5C933342B}.Release|x64.ActiveCfg = Release|Any CPU
		{8958413D-F8FC-471A-AD83-2EA5C933342B}.Release|x64.Build.0 = Release|Any CPU
		{8958413D-F8FC-471A-AD83-2EA5C933342B}.Release|x86.ActiveCfg = Release|Any CPU
		{8958413D-F8FC-471A-AD83-2EA5C933342B}.Release|x86.Build.0 = Release|Any CPU
		{C831CFA4-8B50-4738-8371-1E657E54F99B}.Debug|Any CPU.ActiveCfg = Debug|Any CPU
		{C831CFA4-8B50-4738-8371-1E657E54F99B}.Debug|Any CPU.Build.0 = Debug|Any CPU
		{C831CFA4-8B50-4738-8371-1E657E54F99B}.Debug|x64.ActiveCfg = Debug|Any CPU
		{C831CFA4-8B50-4738-8371-1E657E54F99B}.Debug|x64.Build.0 = Debug|Any CPU
		{C831CFA4-8B50-4738-8371-1E657E54F99B}.Debug|x86.ActiveCfg = Debug|Any CPU
		{C831CFA4-8B50-4738-8371-1E657E54F99B}.Debug|x86.Build.0 = Debug|Any CPU
		{C831CFA4-8B50-4738-8371-1E657E54F99B}.Release|Any CPU.ActiveCfg = Release|Any CPU
		{C831CFA4-8B50-4738-8371-1E657E54F99B}.Release|Any CPU.Build.0 = Release|Any CPU
		{C831CFA4-8B50-4738-8371-1E657E54F99B}.Release|x64.ActiveCfg = Release|Any CPU
		{C831CFA4-8B50-4738-8371-1E657E54F99B}.Release|x64.Build.0 = Release|Any CPU
		{C831CFA4-8B50-4738-8371-1E657E54F99B}.Release|x86.ActiveCfg = Release|Any CPU
		{C831CFA4-8B50-4738-8371-1E657E54F99B}.Release|x86.Build.0 = Release|Any CPU
		{9E9DE6AD-9733-486A-951F-6D35B9CFA9EC}.Debug|Any CPU.ActiveCfg = Debug|Any CPU
		{9E9DE6AD-9733-486A-951F-6D35B9CFA9EC}.Debug|Any CPU.Build.0 = Debug|Any CPU
		{9E9DE6AD-9733-486A-951F-6D35B9CFA9EC}.Debug|x64.ActiveCfg = Debug|Any CPU
		{9E9DE6AD-9733-486A-951F-6D35B9CFA9EC}.Debug|x64.Build.0 = Debug|Any CPU
		{9E9DE6AD-9733-486A-951F-6D35B9CFA9EC}.Debug|x86.ActiveCfg = Debug|Any CPU
		{9E9DE6AD-9733-486A-951F-6D35B9CFA9EC}.Debug|x86.Build.0 = Debug|Any CPU
		{9E9DE6AD-9733-486A-951F-6D35B9CFA9EC}.Release|Any CPU.ActiveCfg = Release|Any CPU
		{9E9DE6AD-9733-486A-951F-6D35B9CFA9EC}.Release|Any CPU.Build.0 = Release|Any CPU
		{9E9DE6AD-9733-486A-951F-6D35B9CFA9EC}.Release|x64.ActiveCfg = Release|Any CPU
		{9E9DE6AD-9733-486A-951F-6D35B9CFA9EC}.Release|x64.Build.0 = Release|Any CPU
		{9E9DE6AD-9733-486A-951F-6D35B9CFA9EC}.Release|x86.ActiveCfg = Release|Any CPU
		{9E9DE6AD-9733-486A-951F-6D35B9CFA9EC}.Release|x86.Build.0 = Release|Any CPU
	EndGlobalSection
	GlobalSection(SolutionProperties) = preSolution
		HideSolutionNode = FALSE
	EndGlobalSection
	GlobalSection(NestedProjects) = preSolution
		{7A30A61E-97FA-447A-AFE1-398589773E53} = {827E0CD3-B72D-47B6-A68D-7590B98EB39B}
		{FF987BB1-F3CA-4DAA-8B2A-2753C89CACFC} = {827E0CD3-B72D-47B6-A68D-7590B98EB39B}
		{89390987-DCE5-44E5-9C43-2DEAD9544D23} = {827E0CD3-B72D-47B6-A68D-7590B98EB39B}
		{5A1BA9CC-D38A-4A98-9E52-FA7600F07D91} = {827E0CD3-B72D-47B6-A68D-7590B98EB39B}
		{EC447DCF-ABFA-6E24-52A5-D7FD48A5C558} = {827E0CD3-B72D-47B6-A68D-7590B98EB39B}
		{9703FB0E-EE4D-43D7-80E5-E98E88B05E95} = {EC447DCF-ABFA-6E24-52A5-D7FD48A5C558}
		{A10E754B-5E5D-48CB-A247-8033DCC4F93D} = {EC447DCF-ABFA-6E24-52A5-D7FD48A5C558}
		{B25426C9-C5FA-46B0-B71D-80D466D2F1A5} = {827E0CD3-B72D-47B6-A68D-7590B98EB39B}
		{11B66EA4-F4A1-483D-93C5-E369666C842C} = {0AB3BF05-4346-4AA6-1389-037BE0695223}
		{8958413D-F8FC-471A-AD83-2EA5C933342B} = {0AB3BF05-4346-4AA6-1389-037BE0695223}
		{C831CFA4-8B50-4738-8371-1E657E54F99B} = {0AB3BF05-4346-4AA6-1389-037BE0695223}
		{9E9DE6AD-9733-486A-951F-6D35B9CFA9EC} = {07C2787E-EAC7-C090-1BA3-A61EC2A24D84}
	EndGlobalSection
EndGlobal
